{
    "_meta": {
        "hash": {
            "sha256": "beb8c1d67a382aa5fd80c5e7860eb0b052ceef11f2f4fc68e282c0c752d35693"
        },
        "pipfile-spec": 6,
        "requires": {
            "python_version": "2.7"
        },
        "sources": [
            {
                "name": "pypi",
                "url": "https://pypi.org/simple",
                "verify_ssl": true
            }
        ]
    },
    "default": {
        "gitdb2": {
            "hashes": [
                "sha256:1b6df1433567a51a4a9c1a5a0de977aa351a405cc56d7d35f3388bad1f630350",
                "sha256:96bbb507d765a7f51eb802554a9cfe194a174582f772e0d89f4e87288c288b7b"
            ],
            "version": "==2.0.6"
        },
        "gitpython": {
            "hashes": [
                "sha256:99c77677f31f255e130f3fed4c8e0eebb35f1a09df98ff965fff6774f71688cf",
                "sha256:99cd0403cecd8a13b95d2e045b9fcaa7837137fcc5ec3105f2c413305d82c143"
            ],
            "index": "pypi",
            "version": "==3.0.7"
        },
        "smmap2": {
            "hashes": [
                "sha256:0555a7bf4df71d1ef4218e4807bbf9b201f910174e6e08af2e138d4e517b4dde",
                "sha256:29a9ffa0497e7f2be94ca0ed1ca1aa3cd4cf25a1f6b4f5f87f74b46ed91d609a"
            ],
            "version": "==2.0.5"
        }
    },
    "develop": {}
}
