{
    "_meta": {
        "hash": {
            "sha256": "beb8c1d67a382aa5fd80c5e7860eb0b052ceef11f2f4fc68e282c0c752d35693"
        },
        "pipfile-spec": 6,
        "requires": {
            "python_version": "2.7"
        },
        "sources": [
            {
                "name": "pypi",
                "url": "https://pypi.org/simple",
                "verify_ssl": true
            }
        ]
    },
    "default": {
        "gitdb2": {
            "hashes": [
                "sha256:1b6df1433567a51a4a9c1a5a0de977aa351a405cc56d7d35f3388bad1f630350",
                "sha256:96bbb507d765a7f51eb802554a9cfe194a174582f772e0d89f4e87288c288b7b"
            ],
            "version": "==2.0.6"
        },
        "gitpython": {
            "hashes": [
                "sha256:23b4de99c5fc1564701301cead04e16aa3e47019034668327206d1b52e1e54f7",
                "sha256:838c38d882a97b2fd146dbd4eb9baaf857cb65ebaa64e4c06fca48aaa491e1c6"
            ],
            "index": "pypi",
            "version": "==2.1.15"
        },
        "smmap": {
            "hashes": [
                "sha256:7845d7d51201380e857420bf11e169a936e27b9764ac118310999d1c1ae58b82",
                "sha256:cc601e2d7bb9e9218f83f0ce8b6d3a4da614acd5e41ac694eb34a030329ad723"
            ],
            "version": "==3.0.0"
        },
        "smmap2": {
            "hashes": [
                "sha256:354f2b1be0a847a769b59b0b777efbcd0f60a5503e8ab49b8c079ec92fc1870c",
                "sha256:503ee18c47935b88ed728d8fd59dadfe04b0f80dbc7e325c1fda6cf2f01c36b2"
            ],
            "version": "==3.0.0"
        }
    },
    "develop": {}
}
